
Microsoft Visual Studio Solution File, Format Version 12.00
# Visual Studio 15
VisualStudioVersion = 15.0.28307.421
MinimumVisualStudioVersion = 10.0.40219.1
Project("{9A19103F-16F7-4668-BE54-9A1E7A4F7556}") = "OlympicFlights.DataAccess", "OlympicFlights.DataAccess\OlympicFlights.DataAccess.csproj", "{3879F409-3F04-4E86-9A8A-BCC3702DBEE2}"
EndProject
Project("{9A19103F-16F7-4668-BE54-9A1E7A4F7556}") = "OlympicFlights.Service", "OlympicFlights.Service\OlympicFlights.Service.csproj", "{5B4D1745-745D-4D72-97E5-0478BBE832D8}"
EndProject
Project("{9A19103F-16F7-4668-BE54-9A1E7A4F7556}") = "OlympicFlights.WebApi", "OlympicFlights.WebApi\OlympicFlights.WebApi.csproj", "{8C0B0371-40AA-47E4-9E79-030FCB8DFE82}"
EndProject
Global
	GlobalSection(SolutionConfigurationPlatforms) = preSolution
		Debug|Any CPU = Debug|Any CPU
		Release|Any CPU = Release|Any CPU
	EndGlobalSection
	GlobalSection(ProjectConfigurationPlatforms) = postSolution
		{3879F409-3F04-4E86-9A8A-BCC3702DBEE2}.Debug|Any CPU.ActiveCfg = Debug|Any CPU
		{3879F409-3F04-4E86-9A8A-BCC3702DBEE2}.Debug|Any CPU.Build.0 = Debug|Any CPU
		{3879F409-3F04-4E86-9A8A-BCC3702DBEE2}.Release|Any CPU.ActiveCfg = Release|Any CPU
		{3879F409-3F04-4E86-9A8A-BCC3702DBEE2}.Release|Any CPU.Build.0 = Release|Any CPU
		{5B4D1745-745D-4D72-97E5-0478BBE832D8}.Debug|Any CPU.ActiveCfg = Debug|Any CPU
		{5B4D1745-745D-4D72-97E5-0478BBE832D8}.Debug|Any CPU.Build.0 = Debug|Any CPU
		{5B4D1745-745D-4D72-97E5-0478BBE832D8}.Release|Any CPU.ActiveCfg = Release|Any CPU
		{5B4D1745-745D-4D72-97E5-0478BBE832D8}.Release|Any CPU.Build.0 = Release|Any CPU
		{8C0B0371-40AA-47E4-9E79-030FCB8DFE82}.Debug|Any CPU.ActiveCfg = Debug|Any CPU
		{8C0B0371-40AA-47E4-9E79-030FCB8DFE82}.Debug|Any CPU.Build.0 = Debug|Any CPU
		{8C0B0371-40AA-47E4-9E79-030FCB8DFE82}.Release|Any CPU.ActiveCfg = Release|Any CPU
		{8C0B0371-40AA-47E4-9E79-030FCB8DFE82}.Release|Any CPU.Build.0 = Release|Any CPU
	EndGlobalSection
	GlobalSection(SolutionProperties) = preSolution
		HideSolutionNode = FALSE
	EndGlobalSection
	GlobalSection(ExtensibilityGlobals) = postSolution
		SolutionGuid = {C5FA4E99-F9A2-46C7-9ED9-D2375FED07CE}
	EndGlobalSection
EndGlobal
